Microsoft Visual Studio Solution File, Format Version 12.00
# Visual Studio Version 17
VisualStudioVersion = 17.5.2.0
MinimumVisualStudioVersion = 10.0.40219.1
Project("{FAE04EC0-301F-11D3-BF4B-00C04F79EFBC}") = "monogame-study-6-space-invaders", "monogame-study-6-space-invaders.csproj", "{7330CF4C-29B5-BE46-6B93-F0D0245AA178}"
EndProject
Global
	GlobalSection(SolutionConfigurationPlatforms) = preSolution
		Debug|Any CPU = Debug|Any CPU
		Release|Any CPU = Release|Any CPU
	EndGlobalSection
	GlobalSection(ProjectConfigurationPlatforms) = postSolution
		{7330CF4C-29B5-BE46-6B93-F0D0245AA178}.Debug|Any CPU.ActiveCfg = Debug|Any CPU
		{7330CF4C-29B5-BE46-6B93-F0D0245AA178}.Debug|Any CPU.Build.0 = Debug|Any CPU
		{7330CF4C-29B5-BE46-6B93-F0D0245AA178}.Release|Any CPU.ActiveCfg = Release|Any CPU
		{7330CF4C-29B5-BE46-6B93-F0D0245AA178}.Release|Any CPU.Build.0 = Release|Any CPU
	EndGlobalSection
	GlobalSection(SolutionProperties) = preSolution
		HideSolutionNode = FALSE
	EndGlobalSection
	GlobalSection(ExtensibilityGlobals) = postSolution
		SolutionGuid = {58117FD0-C842-4076-ADE9-2BFCC9D8FCEE}
	EndGlobalSection
EndGlobal
